
Microsoft Visual Studio Solution File, Format Version 12.00
# Visual Studio Version 16
VisualStudioVersion = 16.0.30907.101
MinimumVisualStudioVersion = 10.0.40219.1
Project("{FAE04EC0-301F-11D3-BF4B-00C04F79EFBC}") = "Opdracht2_Adam", "Opdracht2_Adam.csproj", "{9F80A0EB-DBCB-47B4-9F17-41F9F6124F03}"
EndProject
Global
	GlobalSection(SolutionConfigurationPlatforms) = preSolution
		Debug|Any CPU = Debug|Any CPU
		Release|Any CPU = Release|Any CPU
	EndGlobalSection
	GlobalSection(ProjectConfigurationPlatforms) = postSolution
		{9F80A0EB-DBCB-47B4-9F17-41F9F6124F03}.Debug|Any CPU.ActiveCfg = Debug|Any CPU
		{9F80A0EB-DBCB-47B4-9F17-41F9F6124F03}.Debug|Any CPU.Build.0 = Debug|Any CPU
		{9F80A0EB-DBCB-47B4-9F17-41F9F6124F03}.Release|Any CPU.ActiveCfg = Release|Any CPU
		{9F80A0EB-DBCB-47B4-9F17-41F9F6124F03}.Release|Any CPU.Build.0 = Release|Any CPU
	EndGlobalSection
	GlobalSection(SolutionProperties) = preSolution
		HideSolutionNode = FALSE
	EndGlobalSection
	GlobalSection(ExtensibilityGlobals) = postSolution
		SolutionGuid = {D5DA2F90-B55E-4E9D-A6C7-BE603A049987}
	EndGlobalSection
EndGlobal
